// !$*UTF8*$!
{
	archiveVersion = 1;
	classes = {
	};
	objectVersion = 46;
	objects = {

/* Begin PBXBuildFile section */
		024E05EDE0684252D97036E9 /* Pods_Quarters.framework in Frameworks */ = {isa = PBXBuildFile; fileRef = A6AAFC7FB45B997AC3B89FA7 /* Pods_Quarters.framework */; };
		700C93091E2560B900E76561 /* HTTPHelper.swift in Sources */ = {isa = PBXBuildFile; fileRef = 700C93081E2560B900E76561 /* HTTPHelper.swift */; };
		70AA5B411E1E72BE00FF3209 /* AppDelegate.swift in Sources */ = {isa = PBXBuildFile; fileRef = 70AA5B401E1E72BE00FF3209 /* AppDelegate.swift */; };
		70AA5B461E1E72BE00FF3209 /* Main.storyboard in Resources */ = {isa = PBXBuildFile; fileRef = 70AA5B441E1E72BE00FF3209 /* Main.storyboard */; };
		70AA5B491E1E72BE00FF3209 /* Quarters.xcdatamodeld in Sources */ = {isa = PBXBuildFile; fileRef = 70AA5B471E1E72BE00FF3209 /* Quarters.xcdatamodeld */; };
		70AA5B4B1E1E72BE00FF3209 /* Assets.xcassets in Resources */ = {isa = PBXBuildFile; fileRef = 70AA5B4A1E1E72BE00FF3209 /* Assets.xcassets */; };
		70AA5B4E1E1E72BE00FF3209 /* LaunchScreen.storyboard in Resources */ = {isa = PBXBuildFile; fileRef = 70AA5B4C1E1E72BE00FF3209 /* LaunchScreen.storyboard */; };
		70AA5B561E1E8FA800FF3209 /* LoginViewController.swift in Sources */ = {isa = PBXBuildFile; fileRef = 70AA5B551E1E8FA800FF3209 /* LoginViewController.swift */; };
		70AA5B591E21762600FF3209 /* PlaidLinkViewController.swift in Sources */ = {isa = PBXBuildFile; fileRef = 70AA5B581E21762600FF3209 /* PlaidLinkViewController.swift */; };
		70AA5B5B1E23AFF200FF3209 /* FeedViewController.swift in Sources */ = {isa = PBXBuildFile; fileRef = 70AA5B5A1E23AFF200FF3209 /* FeedViewController.swift */; };
/* End PBXBuildFile section */

/* Begin PBXFileReference section */
		3FCB982F9E5F69B6E77C7799 /* Pods-Quarters.release.xcconfig */ = {isa = PBXFileReference; includeInIndex = 1; lastKnownFileType = text.xcconfig; name = "Pods-Quarters.release.xcconfig"; path = "Pods/Target Support Files/Pods-Quarters/Pods-Quarters.release.xcconfig"; sourceTree = "<group>"; };
		700C93081E2560B900E76561 /* HTTPHelper.swift */ = {isa = PBXFileReference; fileEncoding = 4; lastKnownFileType = sourcecode.swift; path = HTTPHelper.swift; sourceTree = "<group>"; };
		70AA5B3D1E1E72BE00FF3209 /* Quarters.app */ = {isa = PBXFileReference; explicitFileType = wrapper.application; includeInIndex = 0; path = Quarters.app; sourceTree = BUILT_PRODUCTS_DIR; };
		70AA5B401E1E72BE00FF3209 /* AppDelegate.swift */ = {isa = PBXFileReference; lastKnownFileType = sourcecode.swift; path = AppDelegate.swift; sourceTree = "<group>"; };
		70AA5B451E1E72BE00FF3209 /* Base */ = {isa = PBXFileReference; lastKnownFileType = file.storyboard; name = Base; path = Base.lproj/Main.storyboard; sourceTree = "<group>"; };
		70AA5B481E1E72BE00FF3209 /* Quarters.xcdatamodel */ = {isa = PBXFileReference; lastKnownFileType = wrapper.xcdatamodel; path = Quarters.xcdatamodel; sourceTree = "<group>"; };
		70AA5B4A1E1E72BE00FF3209 /* Assets.xcassets */ = {isa = PBXFileReference; lastKnownFileType = folder.assetcatalog; path = Assets.xcassets; sourceTree = "<group>"; };
		70AA5B4D1E1E72BE00FF3209 /* Base */ = {isa = PBXFileReference; lastKnownFileType = file.storyboard; name = Base; path = Base.lproj/LaunchScreen.storyboard; sourceTree = "<group>"; };
		70AA5B4F1E1E72BE00FF3209 /* Info.plist */ = {isa = PBXFileReference; lastKnownFileType = text.plist.xml; path = Info.plist; sourceTree = "<group>"; };
		70AA5B551E1E8FA800FF3209 /* LoginViewController.swift */ = {isa = PBXFileReference; fileEncoding = 4; lastKnownFileType = sourcecode.swift; path = LoginViewController.swift; sourceTree = "<group>"; };
		70AA5B581E21762600FF3209 /* PlaidLinkViewController.swift */ = {isa = PBXFileReference; fileEncoding = 4; lastKnownFileType = sourcecode.swift; path = PlaidLinkViewController.swift; sourceTree = "<group>"; };
		70AA5B5A1E23AFF200FF3209 /* FeedViewController.swift */ = {isa = PBXFileReference; fileEncoding = 4; lastKnownFileType = sourcecode.swift; path = FeedViewController.swift; sourceTree = "<group>"; };
		A6AAFC7FB45B997AC3B89FA7 /* Pods_Quarters.framework */ = {isa = PBXFileReference; explicitFileType = wrapper.framework; includeInIndex = 0; path = Pods_Quarters.framework; sourceTree = BUILT_PRODUCTS_DIR; };
		E7CCA45358D52E2CD962D270 /* Pods-Quarters.debug.xcconfig */ = {isa = PBXFileReference; includeInIndex = 1; lastKnownFileType = text.xcconfig; name = "Pods-Quarters.debug.xcconfig"; path = "Pods/Target Support Files/Pods-Quarters/Pods-Quarters.debug.xcconfig"; sourceTree = "<group>"; };
/* End PBXFileReference section */

/* Begin PBXFrameworksBuildPhase section */
		70AA5B3A1E1E72BE00FF3209 /* Frameworks */ = {
			isa = PBXFrameworksBuildPhase;
			buildActionMask = 2147483647;
			files = (
				024E05EDE0684252D97036E9 /* Pods_Quarters.framework in Frameworks */,
			);
			runOnlyForDeploymentPostprocessing = 0;
		};
/* End PBXFrameworksBuildPhase section */

/* Begin PBXGroup section */
		523B2F2B4EB585EDFEBF5549 /* Pods */ = {
			isa = PBXGroup;
			children = (
				E7CCA45358D52E2CD962D270 /* Pods-Quarters.debug.xcconfig */,
				3FCB982F9E5F69B6E77C7799 /* Pods-Quarters.release.xcconfig */,
			);
			name = Pods;
			sourceTree = "<group>";
		};
		70AA5B341E1E72BE00FF3209 = {
			isa = PBXGroup;
			children = (
				70AA5B3F1E1E72BE00FF3209 /* Quarters */,
				70AA5B3E1E1E72BE00FF3209 /* Products */,
				523B2F2B4EB585EDFEBF5549 /* Pods */,
				DCA495A0B6580A3D349A5897 /* Frameworks */,
			);
			sourceTree = "<group>";
		};
		70AA5B3E1E1E72BE00FF3209 /* Products */ = {
			isa = PBXGroup;
			children = (
				70AA5B3D1E1E72BE00FF3209 /* Quarters.app */,
			);
			name = Products;
			sourceTree = "<group>";
		};
		70AA5B3F1E1E72BE00FF3209 /* Quarters */ = {
			isa = PBXGroup;
			children = (
				700C93081E2560B900E76561 /* HTTPHelper.swift */,
				70AA5B401E1E72BE00FF3209 /* AppDelegate.swift */,
				70AA5B551E1E8FA800FF3209 /* LoginViewController.swift */,
				70AA5B581E21762600FF3209 /* PlaidLinkViewController.swift */,
				70AA5B441E1E72BE00FF3209 /* Main.storyboard */,
				70AA5B5A1E23AFF200FF3209 /* FeedViewController.swift */,
				70AA5B4A1E1E72BE00FF3209 /* Assets.xcassets */,
				70AA5B4C1E1E72BE00FF3209 /* LaunchScreen.storyboard */,
				70AA5B4F1E1E72BE00FF3209 /* Info.plist */,
				70AA5B471E1E72BE00FF3209 /* Quarters.xcdatamodeld */,
			);
			path = Quarters;
			sourceTree = "<group>";
		};
		DCA495A0B6580A3D349A5897 /* Frameworks */ = {
			isa = PBXGroup;
			children = (
				A6AAFC7FB45B997AC3B89FA7 /* Pods_Quarters.framework */,
			);
			name = Frameworks;
			sourceTree = "<group>";
		};
/* End PBXGroup section */

/* Begin PBXNativeTarget section */
		70AA5B3C1E1E72BE00FF3209 /* Quarters */ = {
			isa = PBXNativeTarget;
			buildConfigurationList = 70AA5B521E1E72BE00FF3209 /* Build configuration list for PBXNativeTarget "Quarters" */;
			buildPhases = (
				97F88D28871FD4EAE1B58818 /* [CP] Check Pods Manifest.lock */,
				70AA5B391E1E72BE00FF3209 /* Sources */,
				70AA5B3A1E1E72BE00FF3209 /* Frameworks */,
				70AA5B3B1E1E72BE00FF3209 /* Resources */,
				35AA9C6D7F5484FBA9CD1856 /* [CP] Embed Pods Frameworks */,
				6E90ABFB8E120C93F8808E8C /* [CP] Copy Pods Resources */,
			);
			buildRules = (
			);
			dependencies = (
			);
			name = Quarters;
			productName = Quarters;
			productReference = 70AA5B3D1E1E72BE00FF3209 /* Quarters.app */;
			productType = "com.apple.product-type.application";
		};
/* End PBXNativeTarget section */

/* Begin PBXProject section */
		70AA5B351E1E72BE00FF3209 /* Project object */ = {
			isa = PBXProject;
			attributes = {
				LastSwiftUpdateCheck = 0820;
				LastUpgradeCheck = 0820;
				ORGANIZATIONNAME = "Quarters Inc";
				TargetAttributes = {
					70AA5B3C1E1E72BE00FF3209 = {
						CreatedOnToolsVersion = 8.2.1;
						ProvisioningStyle = Automatic;
					};
				};
			};
			buildConfigurationList = 70AA5B381E1E72BE00FF3209 /* Build configuration list for PBXProject "Quarters" */;
			compatibilityVersion = "Xcode 3.2";
			developmentRegion = English;
			hasScannedForEncodings = 0;
			knownRegions = (
				en,
				Base,
			);
			mainGroup = 70AA5B341E1E72BE00FF3209;
			productRefGroup = 70AA5B3E1E1E72BE00FF3209 /* Products */;
			projectDirPath = "";
			projectRoot = "";
			targets = (
				70AA5B3C1E1E72BE00FF3209 /* Quarters */,
			);
		};
/* End PBXProject section */

/* Begin PBXResourcesBuildPhase section */
		70AA5B3B1E1E72BE00FF3209 /* Resources */ = {
			isa = PBXResourcesBuildPhase;
			buildActionMask = 2147483647;
			files = (
				70AA5B4E1E1E72BE00FF3209 /* LaunchScreen.storyboard in Resources */,
				70AA5B4B1E1E72BE00FF3209 /* Assets.xcassets in Resources */,
				70AA5B461E1E72BE00FF3209 /* Main.storyboard in Resources */,
			);
			runOnlyForDeploymentPostprocessing = 0;
		};
/* End PBXResourcesBuildPhase section */

/* Begin PBXShellScriptBuildPhase section */
		35AA9C6D7F5484FBA9CD1856 /* [CP] Embed Pods Frameworks */ = {
			isa = PBXShellScriptBuildPhase;
			buildActionMask = 2147483647;
			files = (
			);
			inputPaths = (
			);
			name = "[CP] Embed Pods Frameworks";
			outputPaths = (
			);
			runOnlyForDeploymentPostprocessing = 0;
			shellPath = /bin/sh;
			shellScript = "\"${SRCROOT}/Pods/Target Support Files/Pods-Quarters/Pods-Quarters-frameworks.sh\"\n";
			showEnvVarsInLog = 0;
		};
		6E90ABFB8E120C93F8808E8C /* [CP] Copy Pods Resources */ = {
			isa = PBXShellScriptBuildPhase;
			buildActionMask = 2147483647;
			files = (
			);
			inputPaths = (
			);
			name = "[CP] Copy Pods Resources";
			outputPaths = (
			);
			runOnlyForDeploymentPostprocessing = 0;
			shellPath = /bin/sh;
			shellScript = "\"${SRCROOT}/Pods/Target Support Files/Pods-Quarters/Pods-Quarters-resources.sh\"\n";
			showEnvVarsInLog = 0;
		};
		97F88D28871FD4EAE1B58818 /* [CP] Check Pods Manifest.lock */ = {
			isa = PBXShellScriptBuildPhase;
			buildActionMask = 2147483647;
			files = (
			);
			inputPaths = (
			);
			name = "[CP] Check Pods Manifest.lock";
			outputPaths = (
			);
			runOnlyForDeploymentPostprocessing = 0;
			shellPath = /bin/sh;
			shellScript = "diff \"${PODS_ROOT}/../Podfile.lock\" \"${PODS_ROOT}/Manifest.lock\" > /dev/null\nif [ $? != 0 ] ; then\n    # print error to STDERR\n    echo \"error: The sandbox is not in sync with the Podfile.lock. Run 'pod install' or update your CocoaPods installation.\" >&2\n    exit 1\nfi\n";
			showEnvVarsInLog = 0;
		};
/* End PBXShellScriptBuildPhase section */

/* Begin PBXSourcesBuildPhase section */
		70AA5B391E1E72BE00FF3209 /* Sources */ = {
			isa = PBXSourcesBuildPhase;
			buildActionMask = 2147483647;
			files = (
				700C93091E2560B900E76561 /* HTTPHelper.swift in Sources */,
				70AA5B591E21762600FF3209 /* PlaidLinkViewController.swift in Sources */,
				70AA5B561E1E8FA800FF3209 /* LoginViewController.swift in Sources */,
				70AA5B491E1E72BE00FF3209 /* Quarters.xcdatamodeld in Sources */,
				70AA5B5B1E23AFF200FF3209 /* FeedViewController.swift in Sources */,
				70AA5B411E1E72BE00FF3209 /* AppDelegate.swift in Sources */,
			);
			runOnlyForDeploymentPostprocessing = 0;
		};
/* End PBXSourcesBuildPhase section */

/* Begin PBXVariantGroup section */
		70AA5B441E1E72BE00FF3209 /* Main.storyboard */ = {
			isa = PBXVariantGroup;
			children = (
				70AA5B451E1E72BE00FF3209 /* Base */,
			);
			name = Main.storyboard;
			sourceTree = "<group>";
		};
		70AA5B4C1E1E72BE00FF3209 /* LaunchScreen.storyboard */ = {
			isa = PBXVariantGroup;
			children = (
				70AA5B4D1E1E72BE00FF3209 /* Base */,
			);
			name = LaunchScreen.storyboard;
			sourceTree = "<group>";
		};
/* End PBXVariantGroup section */

/* Begin XCBuildConfiguration section */
		70AA5B501E1E72BE00FF3209 /* Debug */ = {
			isa = XCBuildConfiguration;
			buildSettings = {
				ALWAYS_SEARCH_USER_PATHS = NO;
				CLANG_ANALYZER_NONNULL = YES;
				CLANG_CXX_LANGUAGE_STANDARD = "gnu++0x";
				CLANG_CXX_LIBRARY = "libc++";
				CLANG_ENABLE_MODULES = YES;
				CLANG_ENABLE_OBJC_ARC = YES;
				CLANG_WARN_BOOL_CONVERSION = YES;
				CLANG_WARN_CONSTANT_CONVERSION = YES;
				CLANG_WARN_DIRECT_OBJC_ISA_USAGE = YES_ERROR;
				CLANG_WARN_DOCUMENTATION_COMMENTS = YES;
				CLANG_WARN_EMPTY_BODY = YES;
				CLANG_WARN_ENUM_CONVERSION = YES;
				CLANG_WARN_INFINITE_RECURSION = YES;
				CLANG_WARN_INT_CONVERSION = YES;
				CLANG_WARN_OBJC_ROOT_CLASS = YES_ERROR;
				CLANG_WARN_SUSPICIOUS_MOVE = YES;
				CLANG_WARN_UNREACHABLE_CODE = YES;
				CLANG_WARN__DUPLICATE_METHOD_MATCH = YES;
				"CODE_SIGN_IDENTITY[sdk=iphoneos*]" = "iPhone Developer";
				COPY_PHASE_STRIP = NO;
				DEBUG_INFORMATION_FORMAT = dwarf;
				ENABLE_STRICT_OBJC_MSGSEND = YES;
				ENABLE_TESTABILITY = YES;
				GCC_C_LANGUAGE_STANDARD = gnu99;
				GCC_DYNAMIC_NO_PIC = NO;
				GCC_NO_COMMON_BLOCKS = YES;
				GCC_OPTIMIZATION_LEVEL = 0;
				GCC_PREPROCESSOR_DEFINITIONS = (
					"DEBUG=1",
					"$(inherited)",
				);
				GCC_WARN_64_TO_32_BIT_CONVERSION = YES;
				GCC_WARN_ABOUT_RETURN_TYPE = YES_ERROR;
				GCC_WARN_UNDECLARED_SELECTOR = YES;
				GCC_WARN_UNINITIALIZED_AUTOS = YES_AGGRESSIVE;
				GCC_WARN_UNUSED_FUNCTION = YES;
				GCC_WARN_UNUSED_VARIABLE = YES;
				IPHONEOS_DEPLOYMENT_TARGET = 10.2;
				MTL_ENABLE_DEBUG_INFO = YES;
				ONLY_ACTIVE_ARCH = YES;
				SDKROOT = iphoneos;
				SWIFT_ACTIVE_COMPILATION_CONDITIONS = DEBUG;
				SWIFT_OPTIMIZATION_LEVEL = "-Onone";
			};
			name = Debug;
		};
		70AA5B511E1E72BE00FF3209 /* Release */ = {
			isa = XCBuildConfiguration;
			buildSettings = {
				ALWAYS_SEARCH_USER_PATHS = NO;
				CLANG_ANALYZER_NONNULL = YES;
				CLANG_CXX_LANGUAGE_STANDARD = "gnu++0x";
				CLANG_CXX_LIBRARY = "libc++";
				CLANG_ENABLE_MODULES = YES;
				CLANG_ENABLE_OBJC_ARC = YES;
				CLANG_WARN_BOOL_CONVERSION = YES;
				CLANG_WARN_CONSTANT_CONVERSION = YES;
				CLANG_WARN_DIRECT_OBJC_ISA_USAGE = YES_ERROR;
				CLANG_WARN_DOCUMENTATION_COMMENTS = YES;
				CLANG_WARN_EMPTY_BODY = YES;
				CLANG_WARN_ENUM_CONVERSION = YES;
				CLANG_WARN_INFINITE_RECURSION = YES;
				CLANG_WARN_INT_CONVERSION = YES;
				CLANG_WARN_OBJC_ROOT_CLASS = YES_ERROR;
				CLANG_WARN_SUSPICIOUS_MOVE = YES;
				CLANG_WARN_UNREACHABLE_CODE = YES;
				CLANG_WARN__DUPLICATE_METHOD_MATCH = YES;
				"CODE_SIGN_IDENTITY[sdk=iphoneos*]" = "iPhone Developer";
				COPY_PHASE_STRIP = NO;
				DEBUG_INFORMATION_FORMAT = "dwarf-with-dsym";
				ENABLE_NS_ASSERTIONS = NO;
				ENABLE_STRICT_OBJC_MSGSEND = YES;
				GCC_C_LANGUAGE_STANDARD = gnu99;
				GCC_NO_COMMON_BLOCKS = YES;
				GCC_WARN_64_TO_32_BIT_CONVERSION = YES;
				GCC_WARN_ABOUT_RETURN_TYPE = YES_ERROR;
				GCC_WARN_UNDECLARED_SELECTOR = YES;
				GCC_WARN_UNINITIALIZED_AUTOS = YES_AGGRESSIVE;
				GCC_WARN_UNUSED_FUNCTION = YES;
				GCC_WARN_UNUSED_VARIABLE = YES;
				IPHONEOS_DEPLOYMENT_TARGET = 10.2;
				MTL_ENABLE_DEBUG_INFO = NO;
				SDKROOT = iphoneos;
				SWIFT_OPTIMIZATION_LEVEL = "-Owholemodule";
				VALIDATE_PRODUCT = YES;
			};
			name = Release;
		};
		70AA5B531E1E72BE00FF3209 /* Debug */ = {
			isa = XCBuildConfiguration;
			baseConfigurationReference = E7CCA45358D52E2CD962D270 /* Pods-Quarters.debug.xcconfig */;
			buildSettings = {
				ASSETCATALOG_COMPILER_APPICON_NAME = AppIcon;
				INFOPLIST_FILE = Quarters/Info.plist;
				LD_RUNPATH_SEARCH_PATHS = "$(inherited) @executable_path/Frameworks";
				PRODUCT_BUNDLE_IDENTIFIER = com.Quarters;
				PRODUCT_NAME = "$(TARGET_NAME)";
				SWIFT_OBJC_BRIDGING_HEADER = "";
				SWIFT_VERSION = 3.0;
			};
			name = Debug;
		};
		70AA5B541E1E72BE00FF3209 /* Release */ = {
			isa = XCBuildConfiguration;
			baseConfigurationReference = 3FCB982F9E5F69B6E77C7799 /* Pods-Quarters.release.xcconfig */;
			buildSettings = {
				ASSETCATALOG_COMPILER_APPICON_NAME = AppIcon;
				INFOPLIST_FILE = Quarters/Info.plist;
				LD_RUNPATH_SEARCH_PATHS = "$(inherited) @executable_path/Frameworks";
				PRODUCT_BUNDLE_IDENTIFIER = com.Quarters;
				PRODUCT_NAME = "$(TARGET_NAME)";
				SWIFT_OBJC_BRIDGING_HEADER = "";
				"SWIFT_OBJC_BRIDGING_HEADER[arch=*]" = "";
				SWIFT_VERSION = 3.0;
			};
			name = Release;
		};
/* End XCBuildConfiguration section */

/* Begin XCConfigurationList section */
		70AA5B381E1E72BE00FF3209 /* Build configuration list for PBXProject "Quarters" */ = {
			isa = XCConfigurationList;
			buildConfigurations = (
				70AA5B501E1E72BE00FF3209 /* Debug */,
				70AA5B511E1E72BE00FF3209 /* Release */,
			);
			defaultConfigurationIsVisible = 0;
			defaultConfigurationName = Release;
		};
		70AA5B521E1E72BE00FF3209 /* Build configuration list for PBXNativeTarget "Quarters" */ = {
			isa = XCConfigurationList;
			buildConfigurations = (
				70AA5B531E1E72BE00FF3209 /* Debug */,
				70AA5B541E1E72BE00FF3209 /* Release */,
			);
			defaultConfigurationIsVisible = 0;
			defaultConfigurationName = Release;
		};
/* End XCConfigurationList section */

/* Begin XCVersionGroup section */
		70AA5B471E1E72BE00FF3209 /* Quarters.xcdatamodeld */ = {
			isa = XCVersionGroup;
			children = (
				70AA5B481E1E72BE00FF3209 /* Quarters.xcdatamodel */,
			);
			currentVersion = 70AA5B481E1E72BE00FF3209 /* Quarters.xcdatamodel */;
			path = Quarters.xcdatamodeld;
			sourceTree = "<group>";
			versionGroupType = wrapper.xcdatamodel;
		};
/* End XCVersionGroup section */
	};
	rootObject = 70AA5B351E1E72BE00FF3209 /* Project object */;
}
